// !$*UTF8*$!
{
	archiveVersion = 1;
	classes = {
	};
	objectVersion = 46;
	objects = {

/* Begin PBXBuildFile section */
		348D23F41B838E8800BDAF0F /* AppDelegate.swift in Sources */ = {isa = PBXBuildFile; fileRef = 348D23F31B838E8800BDAF0F /* AppDelegate.swift */; };
		348D23F61B838E8800BDAF0F /* ViewController.swift in Sources */ = {isa = PBXBuildFile; fileRef = 348D23F51B838E8800BDAF0F /* ViewController.swift */; };
		348D23F91B838E8800BDAF0F /* Main.storyboard in Resources */ = {isa = PBXBuildFile; fileRef = 348D23F71B838E8800BDAF0F /* Main.storyboard */; };
		348D23FB1B838E8800BDAF0F /* Images.xcassets in Resources */ = {isa = PBXBuildFile; fileRef = 348D23FA1B838E8800BDAF0F /* Images.xcassets */; };
		348D23FE1B838E8800BDAF0F /* LaunchScreen.xib in Resources */ = {isa = PBXBuildFile; fileRef = 348D23FC1B838E8800BDAF0F /* LaunchScreen.xib */; };
		348D240A1B838E8800BDAF0F /* In_the_KitchenTests.swift in Sources */ = {isa = PBXBuildFile; fileRef = 348D24091B838E8800BDAF0F /* In_the_KitchenTests.swift */; };
		348D242F1B8642D200BDAF0F /* BlurView.swift in Sources */ = {isa = PBXBuildFile; fileRef = 348D24141B8642D200BDAF0F /* BlurView.swift */; };
		348D24301B8642D200BDAF0F /* Data.swift in Sources */ = {isa = PBXBuildFile; fileRef = 348D24151B8642D200BDAF0F /* Data.swift */; };
		348D24311B8642D200BDAF0F /* DesignableButton.swift in Sources */ = {isa = PBXBuildFile; fileRef = 348D24161B8642D200BDAF0F /* DesignableButton.swift */; };
		348D24321B8642D200BDAF0F /* DesignableImageView.swift in Sources */ = {isa = PBXBuildFile; fileRef = 348D24171B8642D200BDAF0F /* DesignableImageView.swift */; };
		348D24331B8642D200BDAF0F /* DesignableLabel.swift in Sources */ = {isa = PBXBuildFile; fileRef = 348D24181B8642D200BDAF0F /* DesignableLabel.swift */; };
		348D24341B8642D200BDAF0F /* DesignableTabBarController.swift in Sources */ = {isa = PBXBuildFile; fileRef = 348D24191B8642D200BDAF0F /* DesignableTabBarController.swift */; };
		348D24351B8642D200BDAF0F /* DesignableTextField.swift in Sources */ = {isa = PBXBuildFile; fileRef = 348D241A1B8642D200BDAF0F /* DesignableTextField.swift */; };
		348D24361B8642D200BDAF0F /* DesignableTextView.swift in Sources */ = {isa = PBXBuildFile; fileRef = 348D241B1B8642D200BDAF0F /* DesignableTextView.swift */; };
		348D24371B8642D200BDAF0F /* DesignableView.swift in Sources */ = {isa = PBXBuildFile; fileRef = 348D241C1B8642D200BDAF0F /* DesignableView.swift */; };
		348D24381B8642D200BDAF0F /* ImageLoader.swift in Sources */ = {isa = PBXBuildFile; fileRef = 348D241D1B8642D200BDAF0F /* ImageLoader.swift */; };
		348D24391B8642D200BDAF0F /* Info.plist in Resources */ = {isa = PBXBuildFile; fileRef = 348D241E1B8642D200BDAF0F /* Info.plist */; };
		348D243A1B8642D200BDAF0F /* KeyboardAvoidingScrollView.swift in Sources */ = {isa = PBXBuildFile; fileRef = 348D241F1B8642D200BDAF0F /* KeyboardAvoidingScrollView.swift */; };
		348D243B1B8642D200BDAF0F /* LoadingView.swift in Sources */ = {isa = PBXBuildFile; fileRef = 348D24201B8642D200BDAF0F /* LoadingView.swift */; };
		348D243C1B8642D200BDAF0F /* LoadingView.xib in Resources */ = {isa = PBXBuildFile; fileRef = 348D24211B8642D200BDAF0F /* LoadingView.xib */; };
		348D243D1B8642D200BDAF0F /* Misc.swift in Sources */ = {isa = PBXBuildFile; fileRef = 348D24221B8642D200BDAF0F /* Misc.swift */; };
		348D243E1B8642D200BDAF0F /* Spring.swift in Sources */ = {isa = PBXBuildFile; fileRef = 348D24241B8642D200BDAF0F /* Spring.swift */; };
		348D243F1B8642D200BDAF0F /* SpringAnimation.swift in Sources */ = {isa = PBXBuildFile; fileRef = 348D24251B8642D200BDAF0F /* SpringAnimation.swift */; };
		348D24401B8642D200BDAF0F /* SpringButton.swift in Sources */ = {isa = PBXBuildFile; fileRef = 348D24261B8642D200BDAF0F /* SpringButton.swift */; };
		348D24411B8642D200BDAF0F /* SpringImageView.swift in Sources */ = {isa = PBXBuildFile; fileRef = 348D24271B8642D200BDAF0F /* SpringImageView.swift */; };
		348D24421B8642D200BDAF0F /* SpringLabel.swift in Sources */ = {isa = PBXBuildFile; fileRef = 348D24281B8642D200BDAF0F /* SpringLabel.swift */; };
		348D24431B8642D200BDAF0F /* SpringTextField.swift in Sources */ = {isa = PBXBuildFile; fileRef = 348D24291B8642D200BDAF0F /* SpringTextField.swift */; };
		348D24441B8642D200BDAF0F /* SpringTextView.swift in Sources */ = {isa = PBXBuildFile; fileRef = 348D242A1B8642D200BDAF0F /* SpringTextView.swift */; };
		348D24451B8642D200BDAF0F /* SpringView.swift in Sources */ = {isa = PBXBuildFile; fileRef = 348D242B1B8642D200BDAF0F /* SpringView.swift */; };
		348D24461B8642D200BDAF0F /* TransitionManager.swift in Sources */ = {isa = PBXBuildFile; fileRef = 348D242C1B8642D200BDAF0F /* TransitionManager.swift */; };
		348D24471B8642D200BDAF0F /* TransitionZoom.swift in Sources */ = {isa = PBXBuildFile; fileRef = 348D242D1B8642D200BDAF0F /* TransitionZoom.swift */; };
		348D24481B8642D200BDAF0F /* UnwindSegue.swift in Sources */ = {isa = PBXBuildFile; fileRef = 348D242E1B8642D200BDAF0F /* UnwindSegue.swift */; };
/* End PBXBuildFile section */

/* Begin PBXContainerItemProxy section */
		348D24041B838E8800BDAF0F /* PBXContainerItemProxy */ = {
			isa = PBXContainerItemProxy;
			containerPortal = 348D23E61B838E8800BDAF0F /* Project object */;
			proxyType = 1;
			remoteGlobalIDString = 348D23ED1B838E8800BDAF0F;
			remoteInfo = "In the Kitchen";
		};
/* End PBXContainerItemProxy section */

/* Begin PBXFileReference section */
		348D23EE1B838E8800BDAF0F /* In the Kitchen.app */ = {isa = PBXFileReference; explicitFileType = wrapper.application; includeInIndex = 0; path = "In the Kitchen.app"; sourceTree = BUILT_PRODUCTS_DIR; };
		348D23F21B838E8800BDAF0F /* Info.plist */ = {isa = PBXFileReference; lastKnownFileType = text.plist.xml; path = Info.plist; sourceTree = "<group>"; };
		348D23F31B838E8800BDAF0F /* AppDelegate.swift */ = {isa = PBXFileReference; lastKnownFileType = sourcecode.swift; path = AppDelegate.swift; sourceTree = "<group>"; };
		348D23F51B838E8800BDAF0F /* ViewController.swift */ = {isa = PBXFileReference; lastKnownFileType = sourcecode.swift; path = ViewController.swift; sourceTree = "<group>"; };
		348D23F81B838E8800BDAF0F /* Base */ = {isa = PBXFileReference; lastKnownFileType = file.storyboard; name = Base; path = Base.lproj/Main.storyboard; sourceTree = "<group>"; };
		348D23FA1B838E8800BDAF0F /* Images.xcassets */ = {isa = PBXFileReference; lastKnownFileType = folder.assetcatalog; path = Images.xcassets; sourceTree = "<group>"; };
		348D23FD1B838E8800BDAF0F /* Base */ = {isa = PBXFileReference; lastKnownFileType = file.xib; name = Base; path = Base.lproj/LaunchScreen.xib; sourceTree = "<group>"; };
		348D24031B838E8800BDAF0F /* In the KitchenTests.xctest */ = {isa = PBXFileReference; explicitFileType = wrapper.cfbundle; includeInIndex = 0; path = "In the KitchenTests.xctest"; sourceTree = BUILT_PRODUCTS_DIR; };
		348D24081B838E8800BDAF0F /* Info.plist */ = {isa = PBXFileReference; lastKnownFileType = text.plist.xml; path = Info.plist; sourceTree = "<group>"; };
		348D24091B838E8800BDAF0F /* In_the_KitchenTests.swift */ = {isa = PBXFileReference; lastKnownFileType = sourcecode.swift; path = In_the_KitchenTests.swift; sourceTree = "<group>"; };
		348D24141B8642D200BDAF0F /* BlurView.swift */ = {isa = PBXFileReference; fileEncoding = 4; lastKnownFileType = sourcecode.swift; path = BlurView.swift; sourceTree = "<group>"; };
		348D24151B8642D200BDAF0F /* Data.swift */ = {isa = PBXFileReference; fileEncoding = 4; lastKnownFileType = sourcecode.swift; path = Data.swift; sourceTree = "<group>"; };
		348D24161B8642D200BDAF0F /* DesignableButton.swift */ = {isa = PBXFileReference; fileEncoding = 4; lastKnownFileType = sourcecode.swift; path = DesignableButton.swift; sourceTree = "<group>"; };
		348D24171B8642D200BDAF0F /* DesignableImageView.swift */ = {isa = PBXFileReference; fileEncoding = 4; lastKnownFileType = sourcecode.swift; path = DesignableImageView.swift; sourceTree = "<group>"; };
		348D24181B8642D200BDAF0F /* DesignableLabel.swift */ = {isa = PBXFileReference; fileEncoding = 4; lastKnownFileType = sourcecode.swift; path = DesignableLabel.swift; sourceTree = "<group>"; };
		348D24191B8642D200BDAF0F /* DesignableTabBarController.swift */ = {isa = PBXFileReference; fileEncoding = 4; lastKnownFileType = sourcecode.swift; path = DesignableTabBarController.swift; sourceTree = "<group>"; };
		348D241A1B8642D200BDAF0F /* DesignableTextField.swift */ = {isa = PBXFileReference; fileEncoding = 4; lastKnownFileType = sourcecode.swift; path = DesignableTextField.swift; sourceTree = "<group>"; };
		348D241B1B8642D200BDAF0F /* DesignableTextView.swift */ = {isa = PBXFileReference; fileEncoding = 4; lastKnownFileType = sourcecode.swift; path = DesignableTextView.swift; sourceTree = "<group>"; };
		348D241C1B8642D200BDAF0F /* DesignableView.swift */ = {isa = PBXFileReference; fileEncoding = 4; lastKnownFileType = sourcecode.swift; path = DesignableView.swift; sourceTree = "<group>"; };
		348D241D1B8642D200BDAF0F /* ImageLoader.swift */ = {isa = PBXFileReference; fileEncoding = 4; lastKnownFileType = sourcecode.swift; path = ImageLoader.swift; sourceTree = "<group>"; };
		348D241E1B8642D200BDAF0F /* Info.plist */ = {isa = PBXFileReference; fileEncoding = 4; lastKnownFileType = text.plist.xml; path = Info.plist; sourceTree = "<group>"; };
		348D241F1B8642D200BDAF0F /* KeyboardAvoidingScrollView.swift */ = {isa = PBXFileReference; fileEncoding = 4; lastKnownFileType = sourcecode.swift; path = KeyboardAvoidingScrollView.swift; sourceTree = "<group>"; };
		348D24201B8642D200BDAF0F /* LoadingView.swift */ = {isa = PBXFileReference; fileEncoding = 4; lastKnownFileType = sourcecode.swift; path = LoadingView.swift; sourceTree = "<group>"; };
		348D24211B8642D200BDAF0F /* LoadingView.xib */ = {isa = PBXFileReference; fileEncoding = 4; lastKnownFileType = file.xib; path = LoadingView.xib; sourceTree = "<group>"; };
		348D24221B8642D200BDAF0F /* Misc.swift */ = {isa = PBXFileReference; fileEncoding = 4; lastKnownFileType = sourcecode.swift; path = Misc.swift; sourceTree = "<group>"; };
		348D24231B8642D200BDAF0F /* Spring.h */ = {isa = PBXFileReference; fileEncoding = 4; lastKnownFileType = sourcecode.c.h; path = Spring.h; sourceTree = "<group>"; };
		348D24241B8642D200BDAF0F /* Spring.swift */ = {isa = PBXFileReference; fileEncoding = 4; lastKnownFileType = sourcecode.swift; path = Spring.swift; sourceTree = "<group>"; };
		348D24251B8642D200BDAF0F /* SpringAnimation.swift */ = {isa = PBXFileReference; fileEncoding = 4; lastKnownFileType = sourcecode.swift; path = SpringAnimation.swift; sourceTree = "<group>"; };
		348D24261B8642D200BDAF0F /* SpringButton.swift */ = {isa = PBXFileReference; fileEncoding = 4; lastKnownFileType = sourcecode.swift; path = SpringButton.swift; sourceTree = "<group>"; };
		348D24271B8642D200BDAF0F /* SpringImageView.swift */ = {isa = PBXFileReference; fileEncoding = 4; lastKnownFileType = sourcecode.swift; path = SpringImageView.swift; sourceTree = "<group>"; };
		348D24281B8642D200BDAF0F /* SpringLabel.swift */ = {isa = PBXFileReference; fileEncoding = 4; lastKnownFileType = sourcecode.swift; path = SpringLabel.swift; sourceTree = "<group>"; };
		348D24291B8642D200BDAF0F /* SpringTextField.swift */ = {isa = PBXFileReference; fileEncoding = 4; lastKnownFileType = sourcecode.swift; path = SpringTextField.swift; sourceTree = "<group>"; };
		348D242A1B8642D200BDAF0F /* SpringTextView.swift */ = {isa = PBXFileReference; fileEncoding = 4; lastKnownFileType = sourcecode.swift; path = SpringTextView.swift; sourceTree = "<group>"; };
		348D242B1B8642D200BDAF0F /* SpringView.swift */ = {isa = PBXFileReference; fileEncoding = 4; lastKnownFileType = sourcecode.swift; path = SpringView.swift; sourceTree = "<group>"; };
		348D242C1B8642D200BDAF0F /* TransitionManager.swift */ = {isa = PBXFileReference; fileEncoding = 4; lastKnownFileType = sourcecode.swift; path = TransitionManager.swift; sourceTree = "<group>"; };
		348D242D1B8642D200BDAF0F /* TransitionZoom.swift */ = {isa = PBXFileReference; fileEncoding = 4; lastKnownFileType = sourcecode.swift; path = TransitionZoom.swift; sourceTree = "<group>"; };
		348D242E1B8642D200BDAF0F /* UnwindSegue.swift */ = {isa = PBXFileReference; fileEncoding = 4; lastKnownFileType = sourcecode.swift; path = UnwindSegue.swift; sourceTree = "<group>"; };
/* End PBXFileReference section */

/* Begin PBXFrameworksBuildPhase section */
		348D23EB1B838E8800BDAF0F /* Frameworks */ = {
			isa = PBXFrameworksBuildPhase;
			buildActionMask = 2147483647;
			files = (
			);
			runOnlyForDeploymentPostprocessing = 0;
		};
		348D24001B838E8800BDAF0F /* Frameworks */ = {
			isa = PBXFrameworksBuildPhase;
			buildActionMask = 2147483647;
			files = (
			);
			runOnlyForDeploymentPostprocessing = 0;
		};
/* End PBXFrameworksBuildPhase section */

/* Begin PBXGroup section */
		348D23E51B838E8800BDAF0F = {
			isa = PBXGroup;
			children = (
				348D23F01B838E8800BDAF0F /* In the Kitchen */,
				348D24061B838E8800BDAF0F /* In the KitchenTests */,
				348D23EF1B838E8800BDAF0F /* Products */,
			);
			sourceTree = "<group>";
		};
		348D23EF1B838E8800BDAF0F /* Products */ = {
			isa = PBXGroup;
			children = (
				348D23EE1B838E8800BDAF0F /* In the Kitchen.app */,
				348D24031B838E8800BDAF0F /* In the KitchenTests.xctest */,
			);
			name = Products;
			sourceTree = "<group>";
		};
		348D23F01B838E8800BDAF0F /* In the Kitchen */ = {
			isa = PBXGroup;
			children = (
				348D24131B8642D200BDAF0F /* Spring */,
				348D23F31B838E8800BDAF0F /* AppDelegate.swift */,
				348D23F51B838E8800BDAF0F /* ViewController.swift */,
				348D23F71B838E8800BDAF0F /* Main.storyboard */,
				348D23FA1B838E8800BDAF0F /* Images.xcassets */,
				348D23FC1B838E8800BDAF0F /* LaunchScreen.xib */,
				348D23F11B838E8800BDAF0F /* Supporting Files */,
			);
			path = "In the Kitchen";
			sourceTree = "<group>";
		};
		348D23F11B838E8800BDAF0F /* Supporting Files */ = {
			isa = PBXGroup;
			children = (
				348D23F21B838E8800BDAF0F /* Info.plist */,
			);
			name = "Supporting Files";
			sourceTree = "<group>";
		};
		348D24061B838E8800BDAF0F /* In the KitchenTests */ = {
			isa = PBXGroup;
			children = (
				348D24091B838E8800BDAF0F /* In_the_KitchenTests.swift */,
				348D24071B838E8800BDAF0F /* Supporting Files */,
			);
			path = "In the KitchenTests";
			sourceTree = "<group>";
		};
		348D24071B838E8800BDAF0F /* Supporting Files */ = {
			isa = PBXGroup;
			children = (
				348D24081B838E8800BDAF0F /* Info.plist */,
			);
			name = "Supporting Files";
			sourceTree = "<group>";
		};
		348D24131B8642D200BDAF0F /* Spring */ = {
			isa = PBXGroup;
			children = (
				348D24141B8642D200BDAF0F /* BlurView.swift */,
				348D24151B8642D200BDAF0F /* Data.swift */,
				348D24161B8642D200BDAF0F /* DesignableButton.swift */,
				348D24171B8642D200BDAF0F /* DesignableImageView.swift */,
				348D24181B8642D200BDAF0F /* DesignableLabel.swift */,
				348D24191B8642D200BDAF0F /* DesignableTabBarController.swift */,
				348D241A1B8642D200BDAF0F /* DesignableTextField.swift */,
				348D241B1B8642D200BDAF0F /* DesignableTextView.swift */,
				348D241C1B8642D200BDAF0F /* DesignableView.swift */,
				348D241D1B8642D200BDAF0F /* ImageLoader.swift */,
				348D241E1B8642D200BDAF0F /* Info.plist */,
				348D241F1B8642D200BDAF0F /* KeyboardAvoidingScrollView.swift */,
				348D24201B8642D200BDAF0F /* LoadingView.swift */,
				348D24211B8642D200BDAF0F /* LoadingView.xib */,
				348D24221B8642D200BDAF0F /* Misc.swift */,
				348D24231B8642D200BDAF0F /* Spring.h */,
				348D24241B8642D200BDAF0F /* Spring.swift */,
				348D24251B8642D200BDAF0F /* SpringAnimation.swift */,
				348D24261B8642D200BDAF0F /* SpringButton.swift */,
				348D24271B8642D200BDAF0F /* SpringImageView.swift */,
				348D24281B8642D200BDAF0F /* SpringLabel.swift */,
				348D24291B8642D200BDAF0F /* SpringTextField.swift */,
				348D242A1B8642D200BDAF0F /* SpringTextView.swift */,
				348D242B1B8642D200BDAF0F /* SpringView.swift */,
				348D242C1B8642D200BDAF0F /* TransitionManager.swift */,
				348D242D1B8642D200BDAF0F /* TransitionZoom.swift */,
				348D242E1B8642D200BDAF0F /* UnwindSegue.swift */,
			);
			path = Spring;
			sourceTree = "<group>";
		};
/* End PBXGroup section */

/* Begin PBXNativeTarget section */
		348D23ED1B838E8800BDAF0F /* In the Kitchen */ = {
			isa = PBXNativeTarget;
			buildConfigurationList = 348D240D1B838E8800BDAF0F /* Build configuration list for PBXNativeTarget "In the Kitchen" */;
			buildPhases = (
				348D23EA1B838E8800BDAF0F /* Sources */,
				348D23EB1B838E8800BDAF0F /* Frameworks */,
				348D23EC1B838E8800BDAF0F /* Resources */,
			);
			buildRules = (
			);
			dependencies = (
			);
			name = "In the Kitchen";
			productName = "In the Kitchen";
			productReference = 348D23EE1B838E8800BDAF0F /* In the Kitchen.app */;
			productType = "com.apple.product-type.application";
		};
		348D24021B838E8800BDAF0F /* In the KitchenTests */ = {
			isa = PBXNativeTarget;
			buildConfigurationList = 348D24101B838E8800BDAF0F /* Build configuration list for PBXNativeTarget "In the KitchenTests" */;
			buildPhases = (
				348D23FF1B838E8800BDAF0F /* Sources */,
				348D24001B838E8800BDAF0F /* Frameworks */,
				348D24011B838E8800BDAF0F /* Resources */,
			);
			buildRules = (
			);
			dependencies = (
				348D24051B838E8800BDAF0F /* PBXTargetDependency */,
			);
			name = "In the KitchenTests";
			productName = "In the KitchenTests";
			productReference = 348D24031B838E8800BDAF0F /* In the KitchenTests.xctest */;
			productType = "com.apple.product-type.bundle.unit-test";
		};
/* End PBXNativeTarget section */

/* Begin PBXProject section */
		348D23E61B838E8800BDAF0F /* Project object */ = {
			isa = PBXProject;
			attributes = {
				LastUpgradeCheck = 0640;
				ORGANIZATIONNAME = "Warter, Daniel";
				TargetAttributes = {
					348D23ED1B838E8800BDAF0F = {
						CreatedOnToolsVersion = 6.4;
					};
					348D24021B838E8800BDAF0F = {
						CreatedOnToolsVersion = 6.4;
						TestTargetID = 348D23ED1B838E8800BDAF0F;
					};
				};
			};
			buildConfigurationList = 348D23E91B838E8800BDAF0F /* Build configuration list for PBXProject "In the Kitchen" */;
			compatibilityVersion = "Xcode 3.2";
			developmentRegion = English;
			hasScannedForEncodings = 0;
			knownRegions = (
				en,
				Base,
			);
			mainGroup = 348D23E51B838E8800BDAF0F;
			productRefGroup = 348D23EF1B838E8800BDAF0F /* Products */;
			projectDirPath = "";
			projectRoot = "";
			targets = (
				348D23ED1B838E8800BDAF0F /* In the Kitchen */,
				348D24021B838E8800BDAF0F /* In the KitchenTests */,
			);
		};
/* End PBXProject section */

/* Begin PBXResourcesBuildPhase section */
		348D23EC1B838E8800BDAF0F /* Resources */ = {
			isa = PBXResourcesBuildPhase;
			buildActionMask = 2147483647;
			files = (
				348D24391B8642D200BDAF0F /* Info.plist in Resources */,
				348D23F91B838E8800BDAF0F /* Main.storyboard in Resources */,
				348D23FE1B838E8800BDAF0F /* LaunchScreen.xib in Resources */,
				348D23FB1B838E8800BDAF0F /* Images.xcassets in Resources */,
				348D243C1B8642D200BDAF0F /* LoadingView.xib in Resources */,
			);
			runOnlyForDeploymentPostprocessing = 0;
		};
		348D24011B838E8800BDAF0F /* Resources */ = {
			isa = PBXResourcesBuildPhase;
			buildActionMask = 2147483647;
			files = (
			);
			runOnlyForDeploymentPostprocessing = 0;
		};
/* End PBXResourcesBuildPhase section */

/* Begin PBXSourcesBuildPhase section */
		348D23EA1B838E8800BDAF0F /* Sources */ = {
			isa = PBXSourcesBuildPhase;
			buildActionMask = 2147483647;
			files = (
				348D24461B8642D200BDAF0F /* TransitionManager.swift in Sources */,
				348D23F61B838E8800BDAF0F /* ViewController.swift in Sources */,
				348D24411B8642D200BDAF0F /* SpringImageView.swift in Sources */,
				348D243F1B8642D200BDAF0F /* SpringAnimation.swift in Sources */,
				348D24351B8642D200BDAF0F /* DesignableTextField.swift in Sources */,
				348D24381B8642D200BDAF0F /* ImageLoader.swift in Sources */,
				348D24471B8642D200BDAF0F /* TransitionZoom.swift in Sources */,
				348D24451B8642D200BDAF0F /* SpringView.swift in Sources */,
				348D24481B8642D200BDAF0F /* UnwindSegue.swift in Sources */,
				348D243D1B8642D200BDAF0F /* Misc.swift in Sources */,
				348D24441B8642D200BDAF0F /* SpringTextView.swift in Sources */,
				348D24431B8642D200BDAF0F /* SpringTextField.swift in Sources */,
				348D243A1B8642D200BDAF0F /* KeyboardAvoidingScrollView.swift in Sources */,
				348D23F41B838E8800BDAF0F /* AppDelegate.swift in Sources */,
				348D243B1B8642D200BDAF0F /* LoadingView.swift in Sources */,
				348D24371B8642D200BDAF0F /* DesignableView.swift in Sources */,
				348D24341B8642D200BDAF0F /* DesignableTabBarController.swift in Sources */,
				348D242F1B8642D200BDAF0F /* BlurView.swift in Sources */,
				348D243E1B8642D200BDAF0F /* Spring.swift in Sources */,
				348D24311B8642D200BDAF0F /* DesignableButton.swift in Sources */,
				348D24321B8642D200BDAF0F /* DesignableImageView.swift in Sources */,
				348D24421B8642D200BDAF0F /* SpringLabel.swift in Sources */,
				348D24401B8642D200BDAF0F /* SpringButton.swift in Sources */,
				348D24361B8642D200BDAF0F /* DesignableTextView.swift in Sources */,
				348D24331B8642D200BDAF0F /* DesignableLabel.swift in Sources */,
				348D24301B8642D200BDAF0F /* Data.swift in Sources */,
			);
			runOnlyForDeploymentPostprocessing = 0;
		};
		348D23FF1B838E8800BDAF0F /* Sources */ = {
			isa = PBXSourcesBuildPhase;
			buildActionMask = 2147483647;
			files = (
				348D240A1B838E8800BDAF0F /* In_the_KitchenTests.swift in Sources */,
			);
			runOnlyForDeploymentPostprocessing = 0;
		};
/* End PBXSourcesBuildPhase section */

/* Begin PBXTargetDependency section */
		348D24051B838E8800BDAF0F /* PBXTargetDependency */ = {
			isa = PBXTargetDependency;
			target = 348D23ED1B838E8800BDAF0F /* In the Kitchen */;
			targetProxy = 348D24041B838E8800BDAF0F /* PBXContainerItemProxy */;
		};
/* End PBXTargetDependency section */

/* Begin PBXVariantGroup section */
		348D23F71B838E8800BDAF0F /* Main.storyboard */ = {
			isa = PBXVariantGroup;
			children = (
				348D23F81B838E8800BDAF0F /* Base */,
			);
			name = Main.storyboard;
			sourceTree = "<group>";
		};
		348D23FC1B838E8800BDAF0F /* LaunchScreen.xib */ = {
			isa = PBXVariantGroup;
			children = (
				348D23FD1B838E8800BDAF0F /* Base */,
			);
			name = LaunchScreen.xib;
			sourceTree = "<group>";
		};
/* End PBXVariantGroup section */

/* Begin XCBuildConfiguration section */
		348D240B1B838E8800BDAF0F /* Debug */ = {
			isa = XCBuildConfiguration;
			buildSettings = {
				ALWAYS_SEARCH_USER_PATHS = NO;
				CLANG_CXX_LANGUAGE_STANDARD = "gnu++0x";
				CLANG_CXX_LIBRARY = "libc++";
				CLANG_ENABLE_MODULES = YES;
				CLANG_ENABLE_OBJC_ARC = YES;
				CLANG_WARN_BOOL_CONVERSION = YES;
				CLANG_WARN_CONSTANT_CONVERSION = YES;
				CLANG_WARN_DIRECT_OBJC_ISA_USAGE = YES_ERROR;
				CLANG_WARN_EMPTY_BODY = YES;
				CLANG_WARN_ENUM_CONVERSION = YES;
				CLANG_WARN_INT_CONVERSION = YES;
				CLANG_WARN_OBJC_ROOT_CLASS = YES_ERROR;
				CLANG_WARN_UNREACHABLE_CODE = YES;
				CLANG_WARN__DUPLICATE_METHOD_MATCH = YES;
				"CODE_SIGN_IDENTITY[sdk=iphoneos*]" = "iPhone Developer";
				COPY_PHASE_STRIP = NO;
				DEBUG_INFORMATION_FORMAT = "dwarf-with-dsym";
				ENABLE_STRICT_OBJC_MSGSEND = YES;
				GCC_C_LANGUAGE_STANDARD = gnu99;
				GCC_DYNAMIC_NO_PIC = NO;
				GCC_NO_COMMON_BLOCKS = YES;
				GCC_OPTIMIZATION_LEVEL = 0;
				GCC_PREPROCESSOR_DEFINITIONS = (
					"DEBUG=1",
					"$(inherited)",
				);
				GCC_SYMBOLS_PRIVATE_EXTERN = NO;
				GCC_WARN_64_TO_32_BIT_CONVERSION = YES;
				GCC_WARN_ABOUT_RETURN_TYPE = YES_ERROR;
				GCC_WARN_UNDECLARED_SELECTOR = YES;
				GCC_WARN_UNINITIALIZED_AUTOS = YES_AGGRESSIVE;
				GCC_WARN_UNUSED_FUNCTION = YES;
				GCC_WARN_UNUSED_VARIABLE = YES;
				IPHONEOS_DEPLOYMENT_TARGET = 8.4;
				MTL_ENABLE_DEBUG_INFO = YES;
				ONLY_ACTIVE_ARCH = YES;
				SDKROOT = iphoneos;
				SWIFT_OPTIMIZATION_LEVEL = "-Onone";
			};
			name = Debug;
		};
		348D240C1B838E8800BDAF0F /* Release */ = {
			isa = XCBuildConfiguration;
			buildSettings = {
				ALWAYS_SEARCH_USER_PATHS = NO;
				CLANG_CXX_LANGUAGE_STANDARD = "gnu++0x";
				CLANG_CXX_LIBRARY = "libc++";
				CLANG_ENABLE_MODULES = YES;
				CLANG_ENABLE_OBJC_ARC = YES;
				CLANG_WARN_BOOL_CONVERSION = YES;
				CLANG_WARN_CONSTANT_CONVERSION = YES;
				CLANG_WARN_DIRECT_OBJC_ISA_USAGE = YES_ERROR;
				CLANG_WARN_EMPTY_BODY = YES;
				CLANG_WARN_ENUM_CONVERSION = YES;
				CLANG_WARN_INT_CONVERSION = YES;
				CLANG_WARN_OBJC_ROOT_CLASS = YES_ERROR;
				CLANG_WARN_UNREACHABLE_CODE = YES;
				CLANG_WARN__DUPLICATE_METHOD_MATCH = YES;
				"CODE_SIGN_IDENTITY[sdk=iphoneos*]" = "iPhone Developer";
				COPY_PHASE_STRIP = NO;
				DEBUG_INFORMATION_FORMAT = "dwarf-with-dsym";
				ENABLE_NS_ASSERTIONS = NO;
				ENABLE_STRICT_OBJC_MSGSEND = YES;
				GCC_C_LANGUAGE_STANDARD = gnu99;
				GCC_NO_COMMON_BLOCKS = YES;
				GCC_WARN_64_TO_32_BIT_CONVERSION = YES;
				GCC_WARN_ABOUT_RETURN_TYPE = YES_ERROR;
				GCC_WARN_UNDECLARED_SELECTOR = YES;
				GCC_WARN_UNINITIALIZED_AUTOS = YES_AGGRESSIVE;
				GCC_WARN_UNUSED_FUNCTION = YES;
				GCC_WARN_UNUSED_VARIABLE = YES;
				IPHONEOS_DEPLOYMENT_TARGET = 8.4;
				MTL_ENABLE_DEBUG_INFO = NO;
				SDKROOT = iphoneos;
				VALIDATE_PRODUCT = YES;
			};
			name = Release;
		};
		348D240E1B838E8800BDAF0F /* Debug */ = {
			isa = XCBuildConfiguration;
			buildSettings = {
				ASSETCATALOG_COMPILER_APPICON_NAME = AppIcon;
				INFOPLIST_FILE = "In the Kitchen/Info.plist";
				LD_RUNPATH_SEARCH_PATHS = "$(inherited) @executable_path/Frameworks";
				PRODUCT_NAME = "$(TARGET_NAME)";
			};
			name = Debug;
		};
		348D240F1B838E8800BDAF0F /* Release */ = {
			isa = XCBuildConfiguration;
			buildSettings = {
				ASSETCATALOG_COMPILER_APPICON_NAME = AppIcon;
				INFOPLIST_FILE = "In the Kitchen/Info.plist";
				LD_RUNPATH_SEARCH_PATHS = "$(inherited) @executable_path/Frameworks";
				PRODUCT_NAME = "$(TARGET_NAME)";
			};
			name = Release;
		};
		348D24111B838E8800BDAF0F /* Debug */ = {
			isa = XCBuildConfiguration;
			buildSettings = {
				BUNDLE_LOADER = "$(TEST_HOST)";
				FRAMEWORK_SEARCH_PATHS = (
					"$(SDKROOT)/Developer/Library/Frameworks",
					"$(inherited)",
				);
				GCC_PREPROCESSOR_DEFINITIONS = (
					"DEBUG=1",
					"$(inherited)",
				);
				INFOPLIST_FILE = "In the KitchenTests/Info.plist";
				LD_RUNPATH_SEARCH_PATHS = "$(inherited) @executable_path/Frameworks @loader_path/Frameworks";
				PRODUCT_NAME = "$(TARGET_NAME)";
				TEST_HOST = "$(BUILT_PRODUCTS_DIR)/In the Kitchen.app/In the Kitchen";
			};
			name = Debug;
		};
		348D24121B838E8800BDAF0F /* Release */ = {
			isa = XCBuildConfiguration;
			buildSettings = {
				BUNDLE_LOADER = "$(TEST_HOST)";
				FRAMEWORK_SEARCH_PATHS = (
					"$(SDKROOT)/Developer/Library/Frameworks",
					"$(inherited)",
				);
				INFOPLIST_FILE = "In the KitchenTests/Info.plist";
				LD_RUNPATH_SEARCH_PATHS = "$(inherited) @executable_path/Frameworks @loader_path/Frameworks";
				PRODUCT_NAME = "$(TARGET_NAME)";
				TEST_HOST = "$(BUILT_PRODUCTS_DIR)/In the Kitchen.app/In the Kitchen";
			};
			name = Release;
		};
/* End XCBuildConfiguration section */

/* Begin XCConfigurationList section */
		348D23E91B838E8800BDAF0F /* Build configuration list for PBXProject "In the Kitchen" */ = {
			isa = XCConfigurationList;
			buildConfigurations = (
				348D240B1B838E8800BDAF0F /* Debug */,
				348D240C1B838E8800BDAF0F /* Release */,
			);
			defaultConfigurationIsVisible = 0;
			defaultConfigurationName = Release;
		};
		348D240D1B838E8800BDAF0F /* Build configuration list for PBXNativeTarget "In the Kitchen" */ = {
			isa = XCConfigurationList;
			buildConfigurations = (
				348D240E1B838E8800BDAF0F /* Debug */,
				348D240F1B838E8800BDAF0F /* Release */,
			);
			defaultConfigurationIsVisible = 0;
		};
		348D24101B838E8800BDAF0F /* Build configuration list for PBXNativeTarget "In the KitchenTests" */ = {
			isa = XCConfigurationList;
			buildConfigurations = (
				348D24111B838E8800BDAF0F /* Debug */,
				348D24121B838E8800BDAF0F /* Release */,
			);
			defaultConfigurationIsVisible = 0;
		};
/* End XCConfigurationList section */
	};
	rootObject = 348D23E61B838E8800BDAF0F /* Project object */;
}
